
Microsoft Visual Studio Solution File, Format Version 12.00
# Visual Studio Version 18
VisualStudioVersion = 18.3.11505.172 d18.3
MinimumVisualStudioVersion = 10.0.40219.1
Project("{2150E333-8FDC-42A3-9474-1A3956D46DE8}") = "src", "src", "{02EA681E-C7D8-13C7-8484-4AC65E1B71E8}"
EndProject
Project("{2150E333-8FDC-42A3-9474-1A3956D46DE8}") = "tests", "tests", "{6C269FAD-1821-4201-AA79-8770E38F1849}"
EndProject
Project("{FAE04EC0-301F-11D3-BF4B-00C04F79EFBC}") = "ECommerce.API", "ECommerce.API\ECommerce.API.csproj", "{369D0AFA-7D57-4138-8CFE-0849D0999CE8}"
EndProject
Project("{FAE04EC0-301F-11D3-BF4B-00C04F79EFBC}") = "ECommerce.Infrastructure", "ECommerce.Infrastructure\ECommerce.Infrastructure.csproj", "{99BB1C81-30FF-414A-93E3-0AD74C1AC2A2}"
EndProject
Project("{FAE04EC0-301F-11D3-BF4B-00C04F79EFBC}") = "ECommerce.Application", "ECommerce.Application\ECommerce.Application.csproj", "{EDDCB3DD-BA66-41FF-9C8D-010DC16493B4}"
EndProject
Project("{FAE04EC0-301F-11D3-BF4B-00C04F79EFBC}") = "ECommerce.Domain", "ECommerce.Domain\ECommerce.Domain.csproj", "{42B21340-5957-4195-9897-6E7C594EB7B5}"
EndProject
Project("{FAE04EC0-301F-11D3-BF4B-00C04F79EFBC}") = "ECommerce.Tests.Unit", "ECommerce.Tests.Unit\ECommerce.Tests.Unit.csproj", "{EDB729C5-99B0-488E-B1C3-44B2D34557D0}"
EndProject
Global
	GlobalSection(SolutionConfigurationPlatforms) = preSolution
		Debug|Any CPU = Debug|Any CPU
		Debug|x64 = Debug|x64
		Debug|x86 = Debug|x86
		Release|Any CPU = Release|Any CPU
		Release|x64 = Release|x64
		Release|x86 = Release|x86
	EndGlobalSection
	GlobalSection(ProjectConfigurationPlatforms) = postSolution
		{369D0AFA-7D57-4138-8CFE-0849D0999CE8}.Debug|Any CPU.ActiveCfg = Debug|Any CPU
		{369D0AFA-7D57-4138-8CFE-0849D0999CE8}.Debug|Any CPU.Build.0 = Debug|Any CPU
		{369D0AFA-7D57-4138-8CFE-0849D0999CE8}.Debug|x64.ActiveCfg = Debug|Any CPU
		{369D0AFA-7D57-4138-8CFE-0849D0999CE8}.Debug|x64.Build.0 = Debug|Any CPU
		{369D0AFA-7D57-4138-8CFE-0849D0999CE8}.Debug|x86.ActiveCfg = Debug|Any CPU
		{369D0AFA-7D57-4138-8CFE-0849D0999CE8}.Debug|x86.Build.0 = Debug|Any CPU
		{369D0AFA-7D57-4138-8CFE-0849D0999CE8}.Release|Any CPU.ActiveCfg = Release|Any CPU
		{369D0AFA-7D57-4138-8CFE-0849D0999CE8}.Release|Any CPU.Build.0 = Release|Any CPU
		{369D0AFA-7D57-4138-8CFE-0849D0999CE8}.Release|x64.ActiveCfg = Release|Any CPU
		{369D0AFA-7D57-4138-8CFE-0849D0999CE8}.Release|x64.Build.0 = Release|Any CPU
		{369D0AFA-7D57-4138-8CFE-0849D0999CE8}.Release|x86.ActiveCfg = Release|Any CPU
		{369D0AFA-7D57-4138-8CFE-0849D0999CE8}.Release|x86.Build.0 = Release|Any CPU
		{99BB1C81-30FF-414A-93E3-0AD74C1AC2A2}.Debug|Any CPU.ActiveCfg = Debug|Any CPU
		{99BB1C81-30FF-414A-93E3-0AD74C1AC2A2}.Debug|Any CPU.Build.0 = Debug|Any CPU
		{99BB1C81-30FF-414A-93E3-0AD74C1AC2A2}.Debug|x64.ActiveCfg = Debug|Any CPU
		{99BB1C81-30FF-414A-93E3-0AD74C1AC2A2}.Debug|x64.Build.0 = Debug|Any CPU
		{99BB1C81-30FF-414A-93E3-0AD74C1AC2A2}.Debug|x86.ActiveCfg = Debug|Any CPU
		{99BB1C81-30FF-414A-93E3-0AD74C1AC2A2}.Debug|x86.Build.0 = Debug|Any CPU
		{99BB1C81-30FF-414A-93E3-0AD74C1AC2A2}.Release|Any CPU.ActiveCfg = Release|Any CPU
		{99BB1C81-30FF-414A-93E3-0AD74C1AC2A2}.Release|Any CPU.Build.0 = Release|Any CPU
		{99BB1C81-30FF-414A-93E3-0AD74C1AC2A2}.Release|x64.ActiveCfg = Release|Any CPU
		{99BB1C81-30FF-414A-93E3-0AD74C1AC2A2}.Release|x64.Build.0 = Release|Any CPU
		{99BB1C81-30FF-414A-93E3-0AD74C1AC2A2}.Release|x86.ActiveCfg = Release|Any CPU
		{99BB1C81-30FF-414A-93E3-0AD74C1AC2A2}.Release|x86.Build.0 = Release|Any CPU
		{EDDCB3DD-BA66-41FF-9C8D-010DC16493B4}.Debug|Any CPU.ActiveCfg = Debug|Any CPU
		{EDDCB3DD-BA66-41FF-9C8D-010DC16493B4}.Debug|Any CPU.Build.0 = Debug|Any CPU
		{EDDCB3DD-BA66-41FF-9C8D-010DC16493B4}.Debug|x64.ActiveCfg = Debug|Any CPU
		{EDDCB3DD-BA66-41FF-9C8D-010DC16493B4}.Debug|x64.Build.0 = Debug|Any CPU
		{EDDCB3DD-BA66-41FF-9C8D-010DC16493B4}.Debug|x86.ActiveCfg = Debug|Any CPU
		{EDDCB3DD-BA66-41FF-9C8D-010DC16493B4}.Debug|x86.Build.0 = Debug|Any CPU
		{EDDCB3DD-BA66-41FF-9C8D-010DC16493B4}.Release|Any CPU.ActiveCfg = Release|Any CPU
		{EDDCB3DD-BA66-41FF-9C8D-010DC16493B4}.Release|Any CPU.Build.0 = Release|Any CPU
		{EDDCB3DD-BA66-41FF-9C8D-010DC16493B4}.Release|x64.ActiveCfg = Release|Any CPU
		{EDDCB3DD-BA66-41FF-9C8D-010DC16493B4}.Release|x64.Build.0 = Release|Any CPU
		{EDDCB3DD-BA66-41FF-9C8D-010DC16493B4}.Release|x86.ActiveCfg = Release|Any CPU
		{EDDCB3DD-BA66-41FF-9C8D-010DC16493B4}.Release|x86.Build.0 = Release|Any CPU
		{42B21340-5957-4195-9897-6E7C594EB7B5}.Debug|Any CPU.ActiveCfg = Debug|Any CPU
		{42B21340-5957-4195-9897-6E7C594EB7B5}.Debug|Any CPU.Build.0 = Debug|Any CPU
		{42B21340-5957-4195-9897-6E7C594EB7B5}.Debug|x64.ActiveCfg = Debug|Any CPU
		{42B21340-5957-4195-9897-6E7C594EB7B5}.Debug|x64.Build.0 = Debug|Any CPU
		{42B21340-5957-4195-9897-6E7C594EB7B5}.Debug|x86.ActiveCfg = Debug|Any CPU
		{42B21340-5957-4195-9897-6E7C594EB7B5}.Debug|x86.Build.0 = Debug|Any CPU
		{42B21340-5957-4195-9897-6E7C594EB7B5}.Release|Any CPU.ActiveCfg = Release|Any CPU
		{42B21340-5957-4195-9897-6E7C594EB7B5}.Release|Any CPU.Build.0 = Release|Any CPU
		{42B21340-5957-4195-9897-6E7C594EB7B5}.Release|x64.ActiveCfg = Release|Any CPU
		{42B21340-5957-4195-9897-6E7C594EB7B5}.Release|x64.Build.0 = Release|Any CPU
		{42B21340-5957-4195-9897-6E7C594EB7B5}.Release|x86.ActiveCfg = Release|Any CPU
		{42B21340-5957-4195-9897-6E7C594EB7B5}.Release|x86.Build.0 = Release|Any CPU
		{EDB729C5-99B0-488E-B1C3-44B2D34557D0}.Debug|Any CPU.ActiveCfg = Debug|Any CPU
		{EDB729C5-99B0-488E-B1C3-44B2D34557D0}.Debug|Any CPU.Build.0 = Debug|Any CPU
		{EDB729C5-99B0-488E-B1C3-44B2D34557D0}.Debug|x64.ActiveCfg = Debug|Any CPU
		{EDB729C5-99B0-488E-B1C3-44B2D34557D0}.Debug|x64.Build.0 = Debug|Any CPU
		{EDB729C5-99B0-488E-B1C3-44B2D34557D0}.Debug|x86.ActiveCfg = Debug|Any CPU
		{EDB729C5-99B0-488E-B1C3-44B2D34557D0}.Debug|x86.Build.0 = Debug|Any CPU
		{EDB729C5-99B0-488E-B1C3-44B2D34557D0}.Release|Any CPU.ActiveCfg = Release|Any CPU
		{EDB729C5-99B0-488E-B1C3-44B2D34557D0}.Release|Any CPU.Build.0 = Release|Any CPU
		{EDB729C5-99B0-488E-B1C3-44B2D34557D0}.Release|x64.ActiveCfg = Release|Any CPU
		{EDB729C5-99B0-488E-B1C3-44B2D34557D0}.Release|x64.Build.0 = Release|Any CPU
		{EDB729C5-99B0-488E-B1C3-44B2D34557D0}.Release|x86.ActiveCfg = Release|Any CPU
		{EDB729C5-99B0-488E-B1C3-44B2D34557D0}.Release|x86.Build.0 = Release|Any CPU
	EndGlobalSection
	GlobalSection(SolutionProperties) = preSolution
		HideSolutionNode = FALSE
	EndGlobalSection
	GlobalSection(NestedProjects) = preSolution
		{369D0AFA-7D57-4138-8CFE-0849D0999CE8} = {02EA681E-C7D8-13C7-8484-4AC65E1B71E8}
		{99BB1C81-30FF-414A-93E3-0AD74C1AC2A2} = {02EA681E-C7D8-13C7-8484-4AC65E1B71E8}
		{EDDCB3DD-BA66-41FF-9C8D-010DC16493B4} = {02EA681E-C7D8-13C7-8484-4AC65E1B71E8}
		{42B21340-5957-4195-9897-6E7C594EB7B5} = {02EA681E-C7D8-13C7-8484-4AC65E1B71E8}
		{EDB729C5-99B0-488E-B1C3-44B2D34557D0} = {6C269FAD-1821-4201-AA79-8770E38F1849}
	EndGlobalSection
	GlobalSection(ExtensibilityGlobals) = postSolution
		SolutionGuid = {F44D0098-C97D-4B76-AF52-BC47055A56A4}
	EndGlobalSection
EndGlobal
